
Microsoft Visual Studio Solution File, Format Version 12.00
# Visual Studio 14
VisualStudioVersion = 14.0.25420.1
MinimumVisualStudioVersion = 10.0.40219.1
Project("{2150E333-8FDC-42A3-9474-1A3956D46DE8}") = "Misc", "Misc", "{367DFC09-B63F-44E8-91A2-3EFB75C81FB4}"
	ProjectSection(SolutionItems) = preProject
		build.cake = build.cake
		..\LICENSE = ..\LICENSE
		..\README.md = ..\README.md
		WittyPiNet.nuspec = WittyPiNet.nuspec
	EndProjectSection
EndProject
Project("{FAE04EC0-301F-11D3-BF4B-00C04F79EFBC}") = "Raspberry.IO.InterIntegratedCircuit", "Raspberry.IO.InterIntegratedCircuit\Raspberry.IO.InterIntegratedCircuit.csproj", "{63B8403E-BC56-43F9-A045-F61ECC3871F3}"
EndProject
Project("{FAE04EC0-301F-11D3-BF4B-00C04F79EFBC}") = "Righthand.WittyPi", "Righthand.WittyPi\Righthand.WittyPi.csproj", "{2D1AE71F-6029-44E2-BFC1-D4F16DA29624}"
EndProject
Project("{FAE04EC0-301F-11D3-BF4B-00C04F79EFBC}") = "Righthand.WittyPi.Test", "Righthand.WittyPi.Test\Righthand.WittyPi.Test.csproj", "{23831532-F8EF-4439-9D3C-9145FA2B0EDB}"
EndProject
Global
	GlobalSection(SolutionConfigurationPlatforms) = preSolution
		Debug|Any CPU = Debug|Any CPU
		Release|Any CPU = Release|Any CPU
	EndGlobalSection
	GlobalSection(ProjectConfigurationPlatforms) = postSolution
		{63B8403E-BC56-43F9-A045-F61ECC3871F3}.Debug|Any CPU.ActiveCfg = Debug|Any CPU
		{63B8403E-BC56-43F9-A045-F61ECC3871F3}.Debug|Any CPU.Build.0 = Debug|Any CPU
		{63B8403E-BC56-43F9-A045-F61ECC3871F3}.Release|Any CPU.ActiveCfg = Release|Any CPU
		{63B8403E-BC56-43F9-A045-F61ECC3871F3}.Release|Any CPU.Build.0 = Release|Any CPU
		{2D1AE71F-6029-44E2-BFC1-D4F16DA29624}.Debug|Any CPU.ActiveCfg = Debug|Any CPU
		{2D1AE71F-6029-44E2-BFC1-D4F16DA29624}.Debug|Any CPU.Build.0 = Debug|Any CPU
		{2D1AE71F-6029-44E2-BFC1-D4F16DA29624}.Release|Any CPU.ActiveCfg = Release|Any CPU
		{2D1AE71F-6029-44E2-BFC1-D4F16DA29624}.Release|Any CPU.Build.0 = Release|Any CPU
		{23831532-F8EF-4439-9D3C-9145FA2B0EDB}.Debug|Any CPU.ActiveCfg = Debug|Any CPU
		{23831532-F8EF-4439-9D3C-9145FA2B0EDB}.Debug|Any CPU.Build.0 = Debug|Any CPU
		{23831532-F8EF-4439-9D3C-9145FA2B0EDB}.Release|Any CPU.ActiveCfg = Release|Any CPU
		{23831532-F8EF-4439-9D3C-9145FA2B0EDB}.Release|Any CPU.Build.0 = Release|Any CPU
	EndGlobalSection
	GlobalSection(SolutionProperties) = preSolution
		HideSolutionNode = FALSE
	EndGlobalSection
EndGlobal
